// !$*UTF8*$!
{
	archiveVersion = 1;
	classes = {
	};
	objectVersion = 45;
	objects = {

/* Begin PBXBuildFile section */
		1D3623260D0F684500981E51 /* ApplicationDelegate.m in Sources */ = {isa = PBXBuildFile; fileRef = 1D3623250D0F684500981E51 /* ApplicationDelegate.m */; };
		1D60589B0D05DD56006BFB54 /* main.m in Sources */ = {isa = PBXBuildFile; fileRef = 29B97316FDCFA39411CA2CEA /* main.m */; };
		1D60589F0D05DD5A006BFB54 /* Foundation.framework in Frameworks */ = {isa = PBXBuildFile; fileRef = 1D30AB110D05D00D00671497 /* Foundation.framework */; };
		1DF5F4E00D08C38300B7A737 /* UIKit.framework in Frameworks */ = {isa = PBXBuildFile; fileRef = 1DF5F4DF0D08C38300B7A737 /* UIKit.framework */; };
		288765FD0DF74451002DB57D /* CoreGraphics.framework in Frameworks */ = {isa = PBXBuildFile; fileRef = 288765FC0DF74451002DB57D /* CoreGraphics.framework */; };
		320BCD2114F9FD10003E1C1D /* map.tmx in Resources */ = {isa = PBXBuildFile; fileRef = 320BCD1F14F9FD10003E1C1D /* map.tmx */; };
		320BCD2214F9FD10003E1C1D /* pset.png in Resources */ = {isa = PBXBuildFile; fileRef = 320BCD2014F9FD10003E1C1D /* pset.png */; };
		320BCD2714F9FD31003E1C1D /* player_atlas.pvr.gz in Resources */ = {isa = PBXBuildFile; fileRef = 320BCD2314F9FD31003E1C1D /* player_atlas.pvr.gz */; };
		320BCD2814F9FD31003E1C1D /* player_atlas.tps in Resources */ = {isa = PBXBuildFile; fileRef = 320BCD2414F9FD31003E1C1D /* player_atlas.tps */; };
		320BCD2914F9FD31003E1C1D /* player_atlas.xml in Resources */ = {isa = PBXBuildFile; fileRef = 320BCD2514F9FD31003E1C1D /* player_atlas.xml */; };
		320BCD2A14F9FD31003E1C1D /* Player.xml in Resources */ = {isa = PBXBuildFile; fileRef = 320BCD2614F9FD31003E1C1D /* Player.xml */; };
		320BCD3214F9FDEC003E1C1D /* innerThumbstick.png in Resources */ = {isa = PBXBuildFile; fileRef = 320BCD2E14F9FDEC003E1C1D /* innerThumbstick.png */; };
		320BCD3314F9FDEC003E1C1D /* innerThumbstick@2x.png in Resources */ = {isa = PBXBuildFile; fileRef = 320BCD2F14F9FDEC003E1C1D /* innerThumbstick@2x.png */; };
		320BCD3414F9FDEC003E1C1D /* outerThumbstick.png in Resources */ = {isa = PBXBuildFile; fileRef = 320BCD3014F9FDEC003E1C1D /* outerThumbstick.png */; };
		320BCD3514F9FDEC003E1C1D /* outerThumbstick@2x.png in Resources */ = {isa = PBXBuildFile; fileRef = 320BCD3114F9FDEC003E1C1D /* outerThumbstick@2x.png */; };
		320BCD3814F9FE11003E1C1D /* SHThumbstick.m in Sources */ = {isa = PBXBuildFile; fileRef = 320BCD3714F9FE11003E1C1D /* SHThumbstick.m */; };
		320BCD3B14F9FE20003E1C1D /* BEScreen.m in Sources */ = {isa = PBXBuildFile; fileRef = 320BCD3A14F9FE20003E1C1D /* BEScreen.m */; };
		320BCD6314FA0BBC003E1C1D /* NSData+Base64.m in Sources */ = {isa = PBXBuildFile; fileRef = 320BCD5014FA0BBC003E1C1D /* NSData+Base64.m */; };
		320BCD6414FA0BBC003E1C1D /* TMXData.m in Sources */ = {isa = PBXBuildFile; fileRef = 320BCD5314FA0BBC003E1C1D /* TMXData.m */; };
		320BCD6514FA0BBC003E1C1D /* TMXEvent.m in Sources */ = {isa = PBXBuildFile; fileRef = 320BCD5514FA0BBC003E1C1D /* TMXEvent.m */; };
		320BCD6614FA0BBC003E1C1D /* TMXLayer.m in Sources */ = {isa = PBXBuildFile; fileRef = 320BCD5814FA0BBC003E1C1D /* TMXLayer.m */; };
		320BCD6714FA0BBC003E1C1D /* TMXMap.m in Sources */ = {isa = PBXBuildFile; fileRef = 320BCD5A14FA0BBC003E1C1D /* TMXMap.m */; };
		320BCD6814FA0BBC003E1C1D /* TMXObject.m in Sources */ = {isa = PBXBuildFile; fileRef = 320BCD5C14FA0BBC003E1C1D /* TMXObject.m */; };
		320BCD6914FA0BBC003E1C1D /* TMXObjectGroup.m in Sources */ = {isa = PBXBuildFile; fileRef = 320BCD5E14FA0BBC003E1C1D /* TMXObjectGroup.m */; };
		320BCD6A14FA0BBC003E1C1D /* TMXTile.m in Sources */ = {isa = PBXBuildFile; fileRef = 320BCD6014FA0BBC003E1C1D /* TMXTile.m */; };
		320BCD6B14FA0BBC003E1C1D /* TMXTileSet.m in Sources */ = {isa = PBXBuildFile; fileRef = 320BCD6214FA0BBC003E1C1D /* TMXTileSet.m */; };
		320BCD7414FA0BCE003E1C1D /* EMedia.m in Sources */ = {isa = PBXBuildFile; fileRef = 320BCD6D14FA0BCE003E1C1D /* EMedia.m */; };
		320BCD7514FA0BCE003E1C1D /* ESprite.m in Sources */ = {isa = PBXBuildFile; fileRef = 320BCD6F14FA0BCE003E1C1D /* ESprite.m */; };
		320BCD7614FA0BCE003E1C1D /* ESpriteManager.m in Sources */ = {isa = PBXBuildFile; fileRef = 320BCD7114FA0BCE003E1C1D /* ESpriteManager.m */; };
		320BCD7714FA0BCE003E1C1D /* ESpriteState.m in Sources */ = {isa = PBXBuildFile; fileRef = 320BCD7314FA0BCE003E1C1D /* ESpriteState.m */; };
		DE3F093811B7B9DC009D4DB0 /* AVFoundation.framework in Frameworks */ = {isa = PBXBuildFile; fileRef = DE3F093711B7B9DC009D4DB0 /* AVFoundation.framework */; };
		DE3F093A11B7B9DC009D4DB0 /* AudioToolbox.framework in Frameworks */ = {isa = PBXBuildFile; fileRef = DE3F093911B7B9DC009D4DB0 /* AudioToolbox.framework */; };
		DE3F097811B7BABD009D4DB0 /* OpenAL.framework in Frameworks */ = {isa = PBXBuildFile; fileRef = DE3F097711B7BABD009D4DB0 /* OpenAL.framework */; };
		DE4A3D7A10FFB08200FDA492 /* OpenGLES.framework in Frameworks */ = {isa = PBXBuildFile; fileRef = DE4A3D7910FFB08200FDA492 /* OpenGLES.framework */; };
		DE4A3D7F10FFB08B00FDA492 /* QuartzCore.framework in Frameworks */ = {isa = PBXBuildFile; fileRef = DE4A3D7E10FFB08B00FDA492 /* QuartzCore.framework */; };
		DE4A3DB910FFB0FE00FDA492 /* libSparrow.a in Frameworks */ = {isa = PBXBuildFile; fileRef = DE4A3DB010FFB0DB00FDA492 /* libSparrow.a */; };
		DE4A3DE510FFB2AF00FDA492 /* Game.m in Sources */ = {isa = PBXBuildFile; fileRef = DE4A3DE410FFB2AF00FDA492 /* Game.m */; };
		DE5C4E6E138ED109004892CA /* libz.dylib in Frameworks */ = {isa = PBXBuildFile; fileRef = DE5C4E6D138ED109004892CA /* libz.dylib */; };
/* End PBXBuildFile section */

/* Begin PBXContainerItemProxy section */
		DE4A3DAF10FFB0DB00FDA492 /* PBXContainerItemProxy */ = {
			isa = PBXContainerItemProxy;
			containerPortal = DE4A3DA210FFB0D400FDA492 /* Sparrow.xcodeproj */;
			proxyType = 2;
			remoteGlobalIDString = DEFE4BC2101B317600E22471;
			remoteInfo = Sparrow;
		};
		DE4A3DB110FFB0DB00FDA492 /* PBXContainerItemProxy */ = {
			isa = PBXContainerItemProxy;
			containerPortal = DE4A3DA210FFB0D400FDA492 /* Sparrow.xcodeproj */;
			proxyType = 2;
			remoteGlobalIDString = DEEA9335101E32A30071DD21;
			remoteInfo = UnitTests;
		};
		DE4A3DB710FFB0F500FDA492 /* PBXContainerItemProxy */ = {
			isa = PBXContainerItemProxy;
			containerPortal = DE4A3DA210FFB0D400FDA492 /* Sparrow.xcodeproj */;
			proxyType = 1;
			remoteGlobalIDString = DEFE4BC1101B317600E22471;
			remoteInfo = Sparrow;
		};
/* End PBXContainerItemProxy section */

/* Begin PBXFileReference section */
		1D30AB110D05D00D00671497 /* Foundation.framework */ = {isa = PBXFileReference; lastKnownFileType = wrapper.framework; name = Foundation.framework; path = System/Library/Frameworks/Foundation.framework; sourceTree = SDKROOT; };
		1D3623240D0F684500981E51 /* ApplicationDelegate.h */ = {isa = PBXFileReference; fileEncoding = 4; lastKnownFileType = sourcecode.c.h; path = ApplicationDelegate.h; sourceTree = "<group>"; };
		1D3623250D0F684500981E51 /* ApplicationDelegate.m */ = {isa = PBXFileReference; fileEncoding = 4; lastKnownFileType = sourcecode.c.objc; path = ApplicationDelegate.m; sourceTree = "<group>"; };
		1D6058910D05DD3D006BFB54 /* SparrowExtensionSandbox.app */ = {isa = PBXFileReference; explicitFileType = wrapper.application; includeInIndex = 0; path = SparrowExtensionSandbox.app; sourceTree = BUILT_PRODUCTS_DIR; };
		1DF5F4DF0D08C38300B7A737 /* UIKit.framework */ = {isa = PBXFileReference; lastKnownFileType = wrapper.framework; name = UIKit.framework; path = System/Library/Frameworks/UIKit.framework; sourceTree = SDKROOT; };
		288765FC0DF74451002DB57D /* CoreGraphics.framework */ = {isa = PBXFileReference; lastKnownFileType = wrapper.framework; name = CoreGraphics.framework; path = System/Library/Frameworks/CoreGraphics.framework; sourceTree = SDKROOT; };
		29B97316FDCFA39411CA2CEA /* main.m */ = {isa = PBXFileReference; fileEncoding = 4; lastKnownFileType = sourcecode.c.objc; path = main.m; sourceTree = "<group>"; };
		320BCD1F14F9FD10003E1C1D /* map.tmx */ = {isa = PBXFileReference; fileEncoding = 4; lastKnownFileType = text.xml; path = map.tmx; sourceTree = "<group>"; };
		320BCD2014F9FD10003E1C1D /* pset.png */ = {isa = PBXFileReference; lastKnownFileType = image.png; path = pset.png; sourceTree = "<group>"; };
		320BCD2314F9FD31003E1C1D /* player_atlas.pvr.gz */ = {isa = PBXFileReference; lastKnownFileType = archive.gzip; path = player_atlas.pvr.gz; sourceTree = "<group>"; };
		320BCD2414F9FD31003E1C1D /* player_atlas.tps */ = {isa = PBXFileReference; lastKnownFileType = file; path = player_atlas.tps; sourceTree = "<group>"; };
		320BCD2514F9FD31003E1C1D /* player_atlas.xml */ = {isa = PBXFileReference; fileEncoding = 4; lastKnownFileType = text.xml; path = player_atlas.xml; sourceTree = "<group>"; };
		320BCD2614F9FD31003E1C1D /* Player.xml */ = {isa = PBXFileReference; fileEncoding = 4; lastKnownFileType = text.xml; path = Player.xml; sourceTree = "<group>"; };
		320BCD2E14F9FDEC003E1C1D /* innerThumbstick.png */ = {isa = PBXFileReference; lastKnownFileType = image.png; path = innerThumbstick.png; sourceTree = "<group>"; };
		320BCD2F14F9FDEC003E1C1D /* innerThumbstick@2x.png */ = {isa = PBXFileReference; lastKnownFileType = image.png; path = "innerThumbstick@2x.png"; sourceTree = "<group>"; };
		320BCD3014F9FDEC003E1C1D /* outerThumbstick.png */ = {isa = PBXFileReference; lastKnownFileType = image.png; path = outerThumbstick.png; sourceTree = "<group>"; };
		320BCD3114F9FDEC003E1C1D /* outerThumbstick@2x.png */ = {isa = PBXFileReference; lastKnownFileType = image.png; path = "outerThumbstick@2x.png"; sourceTree = "<group>"; };
		320BCD3614F9FE11003E1C1D /* SHThumbstick.h */ = {isa = PBXFileReference; fileEncoding = 4; lastKnownFileType = sourcecode.c.h; path = SHThumbstick.h; sourceTree = "<group>"; };
		320BCD3714F9FE11003E1C1D /* SHThumbstick.m */ = {isa = PBXFileReference; fileEncoding = 4; lastKnownFileType = sourcecode.c.objc; path = SHThumbstick.m; sourceTree = "<group>"; };
		320BCD3914F9FE20003E1C1D /* BEScreen.h */ = {isa = PBXFileReference; fileEncoding = 4; lastKnownFileType = sourcecode.c.h; path = BEScreen.h; sourceTree = "<group>"; };
		320BCD3A14F9FE20003E1C1D /* BEScreen.m */ = {isa = PBXFileReference; fileEncoding = 4; lastKnownFileType = sourcecode.c.objc; path = BEScreen.m; sourceTree = "<group>"; };
		320BCD4F14FA0BBC003E1C1D /* NSData+Base64.h */ = {isa = PBXFileReference; fileEncoding = 4; lastKnownFileType = sourcecode.c.h; name = "NSData+Base64.h"; path = "TMXTileMaps/NSData+Base64.h"; sourceTree = "<group>"; };
		320BCD5014FA0BBC003E1C1D /* NSData+Base64.m */ = {isa = PBXFileReference; fileEncoding = 4; lastKnownFileType = sourcecode.c.objc; name = "NSData+Base64.m"; path = "TMXTileMaps/NSData+Base64.m"; sourceTree = "<group>"; };
		320BCD5114FA0BBC003E1C1D /* Sparrow.h */ = {isa = PBXFileReference; fileEncoding = 4; lastKnownFileType = sourcecode.c.h; name = Sparrow.h; path = TMXTileMaps/Sparrow.h; sourceTree = "<group>"; };
		320BCD5214FA0BBC003E1C1D /* TMXData.h */ = {isa = PBXFileReference; fileEncoding = 4; lastKnownFileType = sourcecode.c.h; name = TMXData.h; path = TMXTileMaps/TMXData.h; sourceTree = "<group>"; };
		320BCD5314FA0BBC003E1C1D /* TMXData.m */ = {isa = PBXFileReference; fileEncoding = 4; lastKnownFileType = sourcecode.c.objc; name = TMXData.m; path = TMXTileMaps/TMXData.m; sourceTree = "<group>"; };
		320BCD5414FA0BBC003E1C1D /* TMXEvent.h */ = {isa = PBXFileReference; fileEncoding = 4; lastKnownFileType = sourcecode.c.h; name = TMXEvent.h; path = TMXTileMaps/TMXEvent.h; sourceTree = "<group>"; };
		320BCD5514FA0BBC003E1C1D /* TMXEvent.m */ = {isa = PBXFileReference; fileEncoding = 4; lastKnownFileType = sourcecode.c.objc; name = TMXEvent.m; path = TMXTileMaps/TMXEvent.m; sourceTree = "<group>"; };
		320BCD5614FA0BBC003E1C1D /* TMXEvents.h */ = {isa = PBXFileReference; fileEncoding = 4; lastKnownFileType = sourcecode.c.h; name = TMXEvents.h; path = TMXTileMaps/TMXEvents.h; sourceTree = "<group>"; };
		320BCD5714FA0BBC003E1C1D /* TMXLayer.h */ = {isa = PBXFileReference; fileEncoding = 4; lastKnownFileType = sourcecode.c.h; name = TMXLayer.h; path = TMXTileMaps/TMXLayer.h; sourceTree = "<group>"; };
		320BCD5814FA0BBC003E1C1D /* TMXLayer.m */ = {isa = PBXFileReference; fileEncoding = 4; lastKnownFileType = sourcecode.c.objc; name = TMXLayer.m; path = TMXTileMaps/TMXLayer.m; sourceTree = "<group>"; };
		320BCD5914FA0BBC003E1C1D /* TMXMap.h */ = {isa = PBXFileReference; fileEncoding = 4; lastKnownFileType = sourcecode.c.h; name = TMXMap.h; path = TMXTileMaps/TMXMap.h; sourceTree = "<group>"; };
		320BCD5A14FA0BBC003E1C1D /* TMXMap.m */ = {isa = PBXFileReference; fileEncoding = 4; lastKnownFileType = sourcecode.c.objc; name = TMXMap.m; path = TMXTileMaps/TMXMap.m; sourceTree = "<group>"; };
		320BCD5B14FA0BBC003E1C1D /* TMXObject.h */ = {isa = PBXFileReference; fileEncoding = 4; lastKnownFileType = sourcecode.c.h; name = TMXObject.h; path = TMXTileMaps/TMXObject.h; sourceTree = "<group>"; };
		320BCD5C14FA0BBC003E1C1D /* TMXObject.m */ = {isa = PBXFileReference; fileEncoding = 4; lastKnownFileType = sourcecode.c.objc; name = TMXObject.m; path = TMXTileMaps/TMXObject.m; sourceTree = "<group>"; };
		320BCD5D14FA0BBC003E1C1D /* TMXObjectGroup.h */ = {isa = PBXFileReference; fileEncoding = 4; lastKnownFileType = sourcecode.c.h; name = TMXObjectGroup.h; path = TMXTileMaps/TMXObjectGroup.h; sourceTree = "<group>"; };
		320BCD5E14FA0BBC003E1C1D /* TMXObjectGroup.m */ = {isa = PBXFileReference; fileEncoding = 4; lastKnownFileType = sourcecode.c.objc; name = TMXObjectGroup.m; path = TMXTileMaps/TMXObjectGroup.m; sourceTree = "<group>"; };
		320BCD5F14FA0BBC003E1C1D /* TMXTile.h */ = {isa = PBXFileReference; fileEncoding = 4; lastKnownFileType = sourcecode.c.h; name = TMXTile.h; path = TMXTileMaps/TMXTile.h; sourceTree = "<group>"; };
		320BCD6014FA0BBC003E1C1D /* TMXTile.m */ = {isa = PBXFileReference; fileEncoding = 4; lastKnownFileType = sourcecode.c.objc; name = TMXTile.m; path = TMXTileMaps/TMXTile.m; sourceTree = "<group>"; };
		320BCD6114FA0BBC003E1C1D /* TMXTileSet.h */ = {isa = PBXFileReference; fileEncoding = 4; lastKnownFileType = sourcecode.c.h; name = TMXTileSet.h; path = TMXTileMaps/TMXTileSet.h; sourceTree = "<group>"; };
		320BCD6214FA0BBC003E1C1D /* TMXTileSet.m */ = {isa = PBXFileReference; fileEncoding = 4; lastKnownFileType = sourcecode.c.objc; name = TMXTileSet.m; path = TMXTileMaps/TMXTileSet.m; sourceTree = "<group>"; };
		320BCD6C14FA0BCE003E1C1D /* EMedia.h */ = {isa = PBXFileReference; fileEncoding = 4; lastKnownFileType = sourcecode.c.h; name = EMedia.h; path = ESprite/EMedia.h; sourceTree = "<group>"; };
		320BCD6D14FA0BCE003E1C1D /* EMedia.m */ = {isa = PBXFileReference; fileEncoding = 4; lastKnownFileType = sourcecode.c.objc; name = EMedia.m; path = ESprite/EMedia.m; sourceTree = "<group>"; };
		320BCD6E14FA0BCE003E1C1D /* ESprite.h */ = {isa = PBXFileReference; fileEncoding = 4; lastKnownFileType = sourcecode.c.h; name = ESprite.h; path = ESprite/ESprite.h; sourceTree = "<group>"; };
		320BCD6F14FA0BCE003E1C1D /* ESprite.m */ = {isa = PBXFileReference; fileEncoding = 4; lastKnownFileType = sourcecode.c.objc; name = ESprite.m; path = ESprite/ESprite.m; sourceTree = "<group>"; };
		320BCD7014FA0BCE003E1C1D /* ESpriteManager.h */ = {isa = PBXFileReference; fileEncoding = 4; lastKnownFileType = sourcecode.c.h; name = ESpriteManager.h; path = ESprite/ESpriteManager.h; sourceTree = "<group>"; };
		320BCD7114FA0BCE003E1C1D /* ESpriteManager.m */ = {isa = PBXFileReference; fileEncoding = 4; lastKnownFileType = sourcecode.c.objc; name = ESpriteManager.m; path = ESprite/ESpriteManager.m; sourceTree = "<group>"; };
		320BCD7214FA0BCE003E1C1D /* ESpriteState.h */ = {isa = PBXFileReference; fileEncoding = 4; lastKnownFileType = sourcecode.c.h; name = ESpriteState.h; path = ESprite/ESpriteState.h; sourceTree = "<group>"; };
		320BCD7314FA0BCE003E1C1D /* ESpriteState.m */ = {isa = PBXFileReference; fileEncoding = 4; lastKnownFileType = sourcecode.c.objc; name = ESpriteState.m; path = ESprite/ESpriteState.m; sourceTree = "<group>"; };
		32CA4F630368D1EE00C91783 /* Application_Prefix.pch */ = {isa = PBXFileReference; fileEncoding = 4; lastKnownFileType = sourcecode.c.h; path = Application_Prefix.pch; sourceTree = "<group>"; };
		8D1107310486CEB800E47090 /* Application-Info.plist */ = {isa = PBXFileReference; fileEncoding = 4; lastKnownFileType = text.plist.xml; path = "Application-Info.plist"; plistStructureDefinitionIdentifier = "com.apple.xcode.plist.structure-definition.iphone.info-plist"; sourceTree = "<group>"; };
		DE3F093711B7B9DC009D4DB0 /* AVFoundation.framework */ = {isa = PBXFileReference; lastKnownFileType = wrapper.framework; name = AVFoundation.framework; path = System/Library/Frameworks/AVFoundation.framework; sourceTree = SDKROOT; };
		DE3F093911B7B9DC009D4DB0 /* AudioToolbox.framework */ = {isa = PBXFileReference; lastKnownFileType = wrapper.framework; name = AudioToolbox.framework; path = System/Library/Frameworks/AudioToolbox.framework; sourceTree = SDKROOT; };
		DE3F097711B7BABD009D4DB0 /* OpenAL.framework */ = {isa = PBXFileReference; lastKnownFileType = wrapper.framework; name = OpenAL.framework; path = System/Library/Frameworks/OpenAL.framework; sourceTree = SDKROOT; };
		DE4A3D7910FFB08200FDA492 /* OpenGLES.framework */ = {isa = PBXFileReference; lastKnownFileType = wrapper.framework; name = OpenGLES.framework; path = System/Library/Frameworks/OpenGLES.framework; sourceTree = SDKROOT; };
		DE4A3D7E10FFB08B00FDA492 /* QuartzCore.framework */ = {isa = PBXFileReference; lastKnownFileType = wrapper.framework; name = QuartzCore.framework; path = System/Library/Frameworks/QuartzCore.framework; sourceTree = SDKROOT; };
		DE4A3DA210FFB0D400FDA492 /* Sparrow.xcodeproj */ = {isa = PBXFileReference; lastKnownFileType = "wrapper.pb-project"; path = Sparrow.xcodeproj; sourceTree = SPARROW_SRC; };
		DE4A3DE310FFB2AF00FDA492 /* Game.h */ = {isa = PBXFileReference; fileEncoding = 4; lastKnownFileType = sourcecode.c.h; path = Game.h; sourceTree = "<group>"; };
		DE4A3DE410FFB2AF00FDA492 /* Game.m */ = {isa = PBXFileReference; fileEncoding = 4; lastKnownFileType = sourcecode.c.objc; path = Game.m; sourceTree = "<group>"; };
		DE5C4E6D138ED109004892CA /* libz.dylib */ = {isa = PBXFileReference; lastKnownFileType = "compiled.mach-o.dylib"; name = libz.dylib; path = usr/lib/libz.dylib; sourceTree = SDKROOT; };
/* End PBXFileReference section */

/* Begin PBXFrameworksBuildPhase section */
		1D60588F0D05DD3D006BFB54 /* Frameworks */ = {
			isa = PBXFrameworksBuildPhase;
			buildActionMask = 2147483647;
			files = (
				DE4A3DB910FFB0FE00FDA492 /* libSparrow.a in Frameworks */,
				DE5C4E6E138ED109004892CA /* libz.dylib in Frameworks */,
				1D60589F0D05DD5A006BFB54 /* Foundation.framework in Frameworks */,
				1DF5F4E00D08C38300B7A737 /* UIKit.framework in Frameworks */,
				288765FD0DF74451002DB57D /* CoreGraphics.framework in Frameworks */,
				DE4A3D7A10FFB08200FDA492 /* OpenGLES.framework in Frameworks */,
				DE4A3D7F10FFB08B00FDA492 /* QuartzCore.framework in Frameworks */,
				DE3F093811B7B9DC009D4DB0 /* AVFoundation.framework in Frameworks */,
				DE3F093A11B7B9DC009D4DB0 /* AudioToolbox.framework in Frameworks */,
				DE3F097811B7BABD009D4DB0 /* OpenAL.framework in Frameworks */,
			);
			runOnlyForDeploymentPostprocessing = 0;
		};
/* End PBXFrameworksBuildPhase section */

/* Begin PBXGroup section */
		080E96DDFE201D6D7F000001 /* Classes */ = {
			isa = PBXGroup;
			children = (
				320BCD2C14F9FDAE003E1C1D /* SHThumbstick */,
				320BCD2B14F9FDA7003E1C1D /* BEScreen */,
				320BCCF314F9FCA6003E1C1D /* ESprite */,
				320BCCEF14F9FC96003E1C1D /* TMX Tile Maps */,
				1D3623240D0F684500981E51 /* ApplicationDelegate.h */,
				1D3623250D0F684500981E51 /* ApplicationDelegate.m */,
				DE4A3DE310FFB2AF00FDA492 /* Game.h */,
				DE4A3DE410FFB2AF00FDA492 /* Game.m */,
			);
			path = Classes;
			sourceTree = "<group>";
		};
		19C28FACFE9D520D11CA2CBB /* Products */ = {
			isa = PBXGroup;
			children = (
				1D6058910D05DD3D006BFB54 /* SparrowExtensionSandbox.app */,
			);
			name = Products;
			sourceTree = "<group>";
		};
		29B97314FDCFA39411CA2CEA /* CustomTemplate */ = {
			isa = PBXGroup;
			children = (
				320BCCF214F9FC9F003E1C1D /* Assets */,
				DE4A3DA210FFB0D400FDA492 /* Sparrow.xcodeproj */,
				080E96DDFE201D6D7F000001 /* Classes */,
				29B97315FDCFA39411CA2CEA /* Other Sources */,
				29B97317FDCFA39411CA2CEA /* Resources */,
				29B97323FDCFA39411CA2CEA /* Frameworks */,
				19C28FACFE9D520D11CA2CBB /* Products */,
			);
			name = CustomTemplate;
			sourceTree = "<group>";
		};
		29B97315FDCFA39411CA2CEA /* Other Sources */ = {
			isa = PBXGroup;
			children = (
				32CA4F630368D1EE00C91783 /* Application_Prefix.pch */,
				29B97316FDCFA39411CA2CEA /* main.m */,
			);
			name = "Other Sources";
			sourceTree = "<group>";
		};
		29B97317FDCFA39411CA2CEA /* Resources */ = {
			isa = PBXGroup;
			children = (
				8D1107310486CEB800E47090 /* Application-Info.plist */,
			);
			name = Resources;
			sourceTree = "<group>";
		};
		29B97323FDCFA39411CA2CEA /* Frameworks */ = {
			isa = PBXGroup;
			children = (
				DE5C4E6D138ED109004892CA /* libz.dylib */,
				DE3F093711B7B9DC009D4DB0 /* AVFoundation.framework */,
				DE3F093911B7B9DC009D4DB0 /* AudioToolbox.framework */,
				DE3F097711B7BABD009D4DB0 /* OpenAL.framework */,
				DE4A3D7E10FFB08B00FDA492 /* QuartzCore.framework */,
				DE4A3D7910FFB08200FDA492 /* OpenGLES.framework */,
				1DF5F4DF0D08C38300B7A737 /* UIKit.framework */,
				1D30AB110D05D00D00671497 /* Foundation.framework */,
				288765FC0DF74451002DB57D /* CoreGraphics.framework */,
			);
			name = Frameworks;
			sourceTree = "<group>";
		};
		320BCCEF14F9FC96003E1C1D /* TMX Tile Maps */ = {
			isa = PBXGroup;
			children = (
				320BCD4F14FA0BBC003E1C1D /* NSData+Base64.h */,
				320BCD5014FA0BBC003E1C1D /* NSData+Base64.m */,
				320BCD5114FA0BBC003E1C1D /* Sparrow.h */,
				320BCD5214FA0BBC003E1C1D /* TMXData.h */,
				320BCD5314FA0BBC003E1C1D /* TMXData.m */,
				320BCD5414FA0BBC003E1C1D /* TMXEvent.h */,
				320BCD5514FA0BBC003E1C1D /* TMXEvent.m */,
				320BCD5614FA0BBC003E1C1D /* TMXEvents.h */,
				320BCD5714FA0BBC003E1C1D /* TMXLayer.h */,
				320BCD5814FA0BBC003E1C1D /* TMXLayer.m */,
				320BCD5914FA0BBC003E1C1D /* TMXMap.h */,
				320BCD5A14FA0BBC003E1C1D /* TMXMap.m */,
				320BCD5B14FA0BBC003E1C1D /* TMXObject.h */,
				320BCD5C14FA0BBC003E1C1D /* TMXObject.m */,
				320BCD5D14FA0BBC003E1C1D /* TMXObjectGroup.h */,
				320BCD5E14FA0BBC003E1C1D /* TMXObjectGroup.m */,
				320BCD5F14FA0BBC003E1C1D /* TMXTile.h */,
				320BCD6014FA0BBC003E1C1D /* TMXTile.m */,
				320BCD6114FA0BBC003E1C1D /* TMXTileSet.h */,
				320BCD6214FA0BBC003E1C1D /* TMXTileSet.m */,
			);
			name = "TMX Tile Maps";
			sourceTree = "<group>";
		};
		320BCCF214F9FC9F003E1C1D /* Assets */ = {
			isa = PBXGroup;
			children = (
				320BCD2D14F9FDBB003E1C1D /* SHThumbstick */,
				320BCD1E14F9FCF5003E1C1D /* Maps */,
				320BCD1C14F9FCE5003E1C1D /* Sprites */,
			);
			name = Assets;
			path = Classes;
			sourceTree = "<group>";
		};
		320BCCF314F9FCA6003E1C1D /* ESprite */ = {
			isa = PBXGroup;
			children = (
				320BCD6C14FA0BCE003E1C1D /* EMedia.h */,
				320BCD6D14FA0BCE003E1C1D /* EMedia.m */,
				320BCD6E14FA0BCE003E1C1D /* ESprite.h */,
				320BCD6F14FA0BCE003E1C1D /* ESprite.m */,
				320BCD7014FA0BCE003E1C1D /* ESpriteManager.h */,
				320BCD7114FA0BCE003E1C1D /* ESpriteManager.m */,
				320BCD7214FA0BCE003E1C1D /* ESpriteState.h */,
				320BCD7314FA0BCE003E1C1D /* ESpriteState.m */,
			);
			name = ESprite;
			sourceTree = "<group>";
		};
		320BCD1C14F9FCE5003E1C1D /* Sprites */ = {
			isa = PBXGroup;
			children = (
				320BCD1D14F9FCED003E1C1D /* Player */,
			);
			name = Sprites;
			sourceTree = "<group>";
		};
		320BCD1D14F9FCED003E1C1D /* Player */ = {
			isa = PBXGroup;
			children = (
				320BCD2314F9FD31003E1C1D /* player_atlas.pvr.gz */,
				320BCD2414F9FD31003E1C1D /* player_atlas.tps */,
				320BCD2514F9FD31003E1C1D /* player_atlas.xml */,
				320BCD2614F9FD31003E1C1D /* Player.xml */,
			);
			name = Player;
			sourceTree = "<group>";
		};
		320BCD1E14F9FCF5003E1C1D /* Maps */ = {
			isa = PBXGroup;
			children = (
				320BCD1F14F9FD10003E1C1D /* map.tmx */,
				320BCD2014F9FD10003E1C1D /* pset.png */,
			);
			name = Maps;
			sourceTree = "<group>";
		};
		320BCD2B14F9FDA7003E1C1D /* BEScreen */ = {
			isa = PBXGroup;
			children = (
				320BCD3914F9FE20003E1C1D /* BEScreen.h */,
				320BCD3A14F9FE20003E1C1D /* BEScreen.m */,
			);
			name = BEScreen;
			sourceTree = "<group>";
		};
		320BCD2C14F9FDAE003E1C1D /* SHThumbstick */ = {
			isa = PBXGroup;
			children = (
				320BCD3614F9FE11003E1C1D /* SHThumbstick.h */,
				320BCD3714F9FE11003E1C1D /* SHThumbstick.m */,
			);
			name = SHThumbstick;
			sourceTree = "<group>";
		};
		320BCD2D14F9FDBB003E1C1D /* SHThumbstick */ = {
			isa = PBXGroup;
			children = (
				320BCD2E14F9FDEC003E1C1D /* innerThumbstick.png */,
				320BCD2F14F9FDEC003E1C1D /* innerThumbstick@2x.png */,
				320BCD3014F9FDEC003E1C1D /* outerThumbstick.png */,
				320BCD3114F9FDEC003E1C1D /* outerThumbstick@2x.png */,
			);
			name = SHThumbstick;
			sourceTree = "<group>";
		};
		DE4A3DAB10FFB0DB00FDA492 /* Products */ = {
			isa = PBXGroup;
			children = (
				DE4A3DB010FFB0DB00FDA492 /* libSparrow.a */,
				DE4A3DB210FFB0DB00FDA492 /* UnitTest.octest */,
			);
			name = Products;
			sourceTree = "<group>";
		};
/* End PBXGroup section */

/* Begin PBXNativeTarget section */
		1D6058900D05DD3D006BFB54 /* SparrowExtensionSandbox */ = {
			isa = PBXNativeTarget;
			buildConfigurationList = 1D6058960D05DD3E006BFB54 /* Build configuration list for PBXNativeTarget "SparrowExtensionSandbox" */;
			buildPhases = (
				1D60588D0D05DD3D006BFB54 /* Resources */,
				1D60588E0D05DD3D006BFB54 /* Sources */,
				1D60588F0D05DD3D006BFB54 /* Frameworks */,
			);
			buildRules = (
			);
			dependencies = (
				DE4A3DB810FFB0F500FDA492 /* PBXTargetDependency */,
			);
			name = SparrowExtensionSandbox;
			productName = AppScaffold;
			productReference = 1D6058910D05DD3D006BFB54 /* SparrowExtensionSandbox.app */;
			productType = "com.apple.product-type.application";
		};
/* End PBXNativeTarget section */

/* Begin PBXProject section */
		29B97313FDCFA39411CA2CEA /* Project object */ = {
			isa = PBXProject;
			buildConfigurationList = C01FCF4E08A954540054247B /* Build configuration list for PBXProject "SparrowExtensionSandbox" */;
			compatibilityVersion = "Xcode 3.1";
			developmentRegion = English;
			hasScannedForEncodings = 1;
			knownRegions = (
				English,
				Japanese,
				French,
				German,
			);
			mainGroup = 29B97314FDCFA39411CA2CEA /* CustomTemplate */;
			projectDirPath = "";
			projectReferences = (
				{
					ProductGroup = DE4A3DAB10FFB0DB00FDA492 /* Products */;
					ProjectRef = DE4A3DA210FFB0D400FDA492 /* Sparrow.xcodeproj */;
				},
			);
			projectRoot = "";
			targets = (
				1D6058900D05DD3D006BFB54 /* SparrowExtensionSandbox */,
			);
		};
/* End PBXProject section */

/* Begin PBXReferenceProxy section */
		DE4A3DB010FFB0DB00FDA492 /* libSparrow.a */ = {
			isa = PBXReferenceProxy;
			fileType = archive.ar;
			path = libSparrow.a;
			remoteRef = DE4A3DAF10FFB0DB00FDA492 /* PBXContainerItemProxy */;
			sourceTree = BUILT_PRODUCTS_DIR;
		};
		DE4A3DB210FFB0DB00FDA492 /* UnitTest.octest */ = {
			isa = PBXReferenceProxy;
			fileType = wrapper.cfbundle;
			path = UnitTest.octest;
			remoteRef = DE4A3DB110FFB0DB00FDA492 /* PBXContainerItemProxy */;
			sourceTree = BUILT_PRODUCTS_DIR;
		};
/* End PBXReferenceProxy section */

/* Begin PBXResourcesBuildPhase section */
		1D60588D0D05DD3D006BFB54 /* Resources */ = {
			isa = PBXResourcesBuildPhase;
			buildActionMask = 2147483647;
			files = (
				320BCD2114F9FD10003E1C1D /* map.tmx in Resources */,
				320BCD2214F9FD10003E1C1D /* pset.png in Resources */,
				320BCD2714F9FD31003E1C1D /* player_atlas.pvr.gz in Resources */,
				320BCD2814F9FD31003E1C1D /* player_atlas.tps in Resources */,
				320BCD2914F9FD31003E1C1D /* player_atlas.xml in Resources */,
				320BCD2A14F9FD31003E1C1D /* Player.xml in Resources */,
				320BCD3214F9FDEC003E1C1D /* innerThumbstick.png in Resources */,
				320BCD3314F9FDEC003E1C1D /* innerThumbstick@2x.png in Resources */,
				320BCD3414F9FDEC003E1C1D /* outerThumbstick.png in Resources */,
				320BCD3514F9FDEC003E1C1D /* outerThumbstick@2x.png in Resources */,
			);
			runOnlyForDeploymentPostprocessing = 0;
		};
/* End PBXResourcesBuildPhase section */

/* Begin PBXSourcesBuildPhase section */
		1D60588E0D05DD3D006BFB54 /* Sources */ = {
			isa = PBXSourcesBuildPhase;
			buildActionMask = 2147483647;
			files = (
				1D60589B0D05DD56006BFB54 /* main.m in Sources */,
				1D3623260D0F684500981E51 /* ApplicationDelegate.m in Sources */,
				DE4A3DE510FFB2AF00FDA492 /* Game.m in Sources */,
				320BCD3814F9FE11003E1C1D /* SHThumbstick.m in Sources */,
				320BCD3B14F9FE20003E1C1D /* BEScreen.m in Sources */,
				320BCD6314FA0BBC003E1C1D /* NSData+Base64.m in Sources */,
				320BCD6414FA0BBC003E1C1D /* TMXData.m in Sources */,
				320BCD6514FA0BBC003E1C1D /* TMXEvent.m in Sources */,
				320BCD6614FA0BBC003E1C1D /* TMXLayer.m in Sources */,
				320BCD6714FA0BBC003E1C1D /* TMXMap.m in Sources */,
				320BCD6814FA0BBC003E1C1D /* TMXObject.m in Sources */,
				320BCD6914FA0BBC003E1C1D /* TMXObjectGroup.m in Sources */,
				320BCD6A14FA0BBC003E1C1D /* TMXTile.m in Sources */,
				320BCD6B14FA0BBC003E1C1D /* TMXTileSet.m in Sources */,
				320BCD7414FA0BCE003E1C1D /* EMedia.m in Sources */,
				320BCD7514FA0BCE003E1C1D /* ESprite.m in Sources */,
				320BCD7614FA0BCE003E1C1D /* ESpriteManager.m in Sources */,
				320BCD7714FA0BCE003E1C1D /* ESpriteState.m in Sources */,
			);
			runOnlyForDeploymentPostprocessing = 0;
		};
/* End PBXSourcesBuildPhase section */

/* Begin PBXTargetDependency section */
		DE4A3DB810FFB0F500FDA492 /* PBXTargetDependency */ = {
			isa = PBXTargetDependency;
			name = Sparrow;
			targetProxy = DE4A3DB710FFB0F500FDA492 /* PBXContainerItemProxy */;
		};
/* End PBXTargetDependency section */

/* Begin XCBuildConfiguration section */
		1D6058940D05DD3E006BFB54 /* Debug */ = {
			isa = XCBuildConfiguration;
			buildSettings = {
				COPY_PHASE_STRIP = NO;
				GCC_DYNAMIC_NO_PIC = NO;
				GCC_OPTIMIZATION_LEVEL = 0;
				GCC_PRECOMPILE_PREFIX_HEADER = YES;
				GCC_PREFIX_HEADER = Application_Prefix.pch;
				INFOPLIST_FILE = "Application-Info.plist";
				PRODUCT_NAME = SparrowExtensionSandbox;
			};
			name = Debug;
		};
		1D6058950D05DD3E006BFB54 /* Release */ = {
			isa = XCBuildConfiguration;
			buildSettings = {
				COPY_PHASE_STRIP = YES;
				GCC_PRECOMPILE_PREFIX_HEADER = YES;
				GCC_PREFIX_HEADER = Application_Prefix.pch;
				INFOPLIST_FILE = "Application-Info.plist";
				PRODUCT_NAME = SparrowExtensionSandbox;
			};
			name = Release;
		};
		C01FCF4F08A954540054247B /* Debug */ = {
			isa = XCBuildConfiguration;
			buildSettings = {
				ARCHS = "$(ARCHS_STANDARD_32_BIT)";
				"CODE_SIGN_IDENTITY[sdk=iphoneos*]" = "iPhone Developer";
				GCC_C_LANGUAGE_STANDARD = c99;
				GCC_THUMB_SUPPORT = NO;
				GCC_WARN_ABOUT_RETURN_TYPE = YES;
				GCC_WARN_UNUSED_VARIABLE = YES;
				OTHER_LDFLAGS = (
					"-ObjC",
					"-all_load",
				);
				PREBINDING = NO;
				SDKROOT = iphoneos;
				USER_HEADER_SEARCH_PATHS = "${SPARROW_SRC}/**";
			};
			name = Debug;
		};
		C01FCF5008A954540054247B /* Release */ = {
			isa = XCBuildConfiguration;
			buildSettings = {
				ARCHS = "$(ARCHS_STANDARD_32_BIT)";
				"CODE_SIGN_IDENTITY[sdk=iphoneos*]" = "iPhone Developer";
				GCC_C_LANGUAGE_STANDARD = c99;
				GCC_THUMB_SUPPORT = NO;
				GCC_WARN_ABOUT_RETURN_TYPE = YES;
				GCC_WARN_UNUSED_VARIABLE = YES;
				OTHER_LDFLAGS = (
					"-ObjC",
					"-all_load",
				);
				PREBINDING = NO;
				SDKROOT = iphoneos;
				USER_HEADER_SEARCH_PATHS = "${SPARROW_SRC}/**";
			};
			name = Release;
		};
/* End XCBuildConfiguration section */

/* Begin XCConfigurationList section */
		1D6058960D05DD3E006BFB54 /* Build configuration list for PBXNativeTarget "SparrowExtensionSandbox" */ = {
			isa = XCConfigurationList;
			buildConfigurations = (
				1D6058940D05DD3E006BFB54 /* Debug */,
				1D6058950D05DD3E006BFB54 /* Release */,
			);
			defaultConfigurationIsVisible = 0;
			defaultConfigurationName = Release;
		};
		C01FCF4E08A954540054247B /* Build configuration list for PBXProject "SparrowExtensionSandbox" */ = {
			isa = XCConfigurationList;
			buildConfigurations = (
				C01FCF4F08A954540054247B /* Debug */,
				C01FCF5008A954540054247B /* Release */,
			);
			defaultConfigurationIsVisible = 0;
			defaultConfigurationName = Release;
		};
/* End XCConfigurationList section */
	};
	rootObject = 29B97313FDCFA39411CA2CEA /* Project object */;
}
